
Microsoft Visual Studio Solution File, Format Version 12.00
# Visual Studio Version 17
VisualStudioVersion = 17.4.33213.308
MinimumVisualStudioVersion = 10.0.40219.1
Project("{9A19103F-16F7-4668-BE54-9A1E7A4F7556}") = "ActualPrinterIcon", "ActualPrinterIcon\ActualPrinterIcon.csproj", "{AF6BC48D-5831-4980-B929-0C639D799312}"
EndProject
Project("{9A19103F-16F7-4668-BE54-9A1E7A4F7556}") = "RandyBobandyBrokeMyGamandy", "RandyBobandyBrokeMyGamandy\RandyBobandyBrokeMyGamandy.csproj", "{A548C67D-6621-43DA-8D16-5B012A604E98}"
EndProject
Project("{9A19103F-16F7-4668-BE54-9A1E7A4F7556}") = "ContentUnlocker", "ContentUnlocker\ContentUnlocker.csproj", "{22216757-EE3B-4F94-877C-E07982274FD5}"
EndProject
Project("{9A19103F-16F7-4668-BE54-9A1E7A4F7556}") = "IDodgedThat", "WhatKilledMe\IDodgedThat.csproj", "{65D1CAA8-CD6E-4E77-848A-90BF2ED0F1A5}"
EndProject
Project("{9A19103F-16F7-4668-BE54-9A1E7A4F7556}") = "RevertStunBuff", "RevertStunBuff\RevertStunBuff.csproj", "{37F723F6-477C-467D-99C1-5AD06268F3B4}"
EndProject
Project("{9A19103F-16F7-4668-BE54-9A1E7A4F7556}") = "ArtifactofTheKing", "ArtifactofTheKing\ArtifactofTheKing.csproj", "{62997C76-F439-4CD1-B202-853520E47B8D}"
EndProject
Project("{9A19103F-16F7-4668-BE54-9A1E7A4F7556}") = "RegisterCommandChest", "RegisterCommandChest\RegisterCommandChest.csproj", "{9D92CFF8-3897-48F7-B3C3-07068CC1CE25}"
EndProject
Project("{9A19103F-16F7-4668-BE54-9A1E7A4F7556}") = "FathomlessVoidling", "FathomlessVoidling\FathomlessVoidling.csproj", "{877236E0-9DA5-4943-92F7-1355C1854212}"
EndProject
Project("{9A19103F-16F7-4668-BE54-9A1E7A4F7556}") = "PublicShaming", "PublicShaming\PublicShaming.csproj", "{4524D4EA-2BFE-46C7-B399-F0A26201A5C1}"
EndProject
Project("{9A19103F-16F7-4668-BE54-9A1E7A4F7556}") = "SpeedUpHalcyoniteShrine", "SpeedUpHalcyoniteShrine\SpeedUpHalcyoniteShrine.csproj", "{E462DBD6-B27D-441C-A807-87D7C5B1C899}"
EndProject
Project("{9A19103F-16F7-4668-BE54-9A1E7A4F7556}") = "ArtifactOfLimit", "ArtifactOfLimit\ArtifactOfLimit.csproj", "{505A8285-5490-4A19-843E-8B11BB7ED365}"
EndProject
Project("{9A19103F-16F7-4668-BE54-9A1E7A4F7556}") = "LobbyRulebookDefSaver", "LobbyRulebookDefSaver\LobbyRulebookDefSaver.csproj", "{1E3BC55D-8836-4098-AEF6-5E340372BD07}"
EndProject
Project("{9A19103F-16F7-4668-BE54-9A1E7A4F7556}") = "SeparateSwitchEquipmentKey", "SeparateSwitchEquipmentKey\SeparateSwitchEquipmentKey.csproj", "{22E3ABAD-3BFC-42C6-A41F-9D4ABD2AEA20}"
EndProject
Project("{FAE04EC0-301F-11D3-BF4B-00C04F79EFBC}") = "RepurposedCraterBoss", "RepurposedCraterBoss\RepurposedCraterBoss.csproj", "{7ADF28E4-2FDE-4B8B-B550-7A265C86973F}"
EndProject
Global
	GlobalSection(SolutionConfigurationPlatforms) = preSolution
		Debug|Any CPU = Debug|Any CPU
		Release|Any CPU = Release|Any CPU
	EndGlobalSection
	GlobalSection(ProjectConfigurationPlatforms) = postSolution
		{AF6BC48D-5831-4980-B929-0C639D799312}.Debug|Any CPU.ActiveCfg = Debug|Any CPU
		{AF6BC48D-5831-4980-B929-0C639D799312}.Debug|Any CPU.Build.0 = Debug|Any CPU
		{AF6BC48D-5831-4980-B929-0C639D799312}.Release|Any CPU.ActiveCfg = Release|Any CPU
		{AF6BC48D-5831-4980-B929-0C639D799312}.Release|Any CPU.Build.0 = Release|Any CPU
		{A548C67D-6621-43DA-8D16-5B012A604E98}.Debug|Any CPU.ActiveCfg = Debug|Any CPU
		{A548C67D-6621-43DA-8D16-5B012A604E98}.Debug|Any CPU.Build.0 = Debug|Any CPU
		{A548C67D-6621-43DA-8D16-5B012A604E98}.Release|Any CPU.ActiveCfg = Release|Any CPU
		{A548C67D-6621-43DA-8D16-5B012A604E98}.Release|Any CPU.Build.0 = Release|Any CPU
		{22216757-EE3B-4F94-877C-E07982274FD5}.Debug|Any CPU.ActiveCfg = Debug|Any CPU
		{22216757-EE3B-4F94-877C-E07982274FD5}.Debug|Any CPU.Build.0 = Debug|Any CPU
		{22216757-EE3B-4F94-877C-E07982274FD5}.Release|Any CPU.ActiveCfg = Release|Any CPU
		{22216757-EE3B-4F94-877C-E07982274FD5}.Release|Any CPU.Build.0 = Release|Any CPU
		{65D1CAA8-CD6E-4E77-848A-90BF2ED0F1A5}.Debug|Any CPU.ActiveCfg = Debug|Any CPU
		{65D1CAA8-CD6E-4E77-848A-90BF2ED0F1A5}.Debug|Any CPU.Build.0 = Debug|Any CPU
		{65D1CAA8-CD6E-4E77-848A-90BF2ED0F1A5}.Release|Any CPU.ActiveCfg = Release|Any CPU
		{65D1CAA8-CD6E-4E77-848A-90BF2ED0F1A5}.Release|Any CPU.Build.0 = Release|Any CPU
		{37F723F6-477C-467D-99C1-5AD06268F3B4}.Debug|Any CPU.ActiveCfg = Debug|Any CPU
		{37F723F6-477C-467D-99C1-5AD06268F3B4}.Debug|Any CPU.Build.0 = Debug|Any CPU
		{37F723F6-477C-467D-99C1-5AD06268F3B4}.Release|Any CPU.ActiveCfg = Release|Any CPU
		{37F723F6-477C-467D-99C1-5AD06268F3B4}.Release|Any CPU.Build.0 = Release|Any CPU
		{62997C76-F439-4CD1-B202-853520E47B8D}.Debug|Any CPU.ActiveCfg = Debug|Any CPU
		{62997C76-F439-4CD1-B202-853520E47B8D}.Debug|Any CPU.Build.0 = Debug|Any CPU
		{62997C76-F439-4CD1-B202-853520E47B8D}.Release|Any CPU.ActiveCfg = Release|Any CPU
		{62997C76-F439-4CD1-B202-853520E47B8D}.Release|Any CPU.Build.0 = Release|Any CPU
		{9D92CFF8-3897-48F7-B3C3-07068CC1CE25}.Debug|Any CPU.ActiveCfg = Debug|Any CPU
		{9D92CFF8-3897-48F7-B3C3-07068CC1CE25}.Debug|Any CPU.Build.0 = Debug|Any CPU
		{9D92CFF8-3897-48F7-B3C3-07068CC1CE25}.Release|Any CPU.ActiveCfg = Release|Any CPU
		{9D92CFF8-3897-48F7-B3C3-07068CC1CE25}.Release|Any CPU.Build.0 = Release|Any CPU
		{877236E0-9DA5-4943-92F7-1355C1854212}.Debug|Any CPU.ActiveCfg = Debug|Any CPU
		{877236E0-9DA5-4943-92F7-1355C1854212}.Debug|Any CPU.Build.0 = Debug|Any CPU
		{877236E0-9DA5-4943-92F7-1355C1854212}.Release|Any CPU.ActiveCfg = Release|Any CPU
		{877236E0-9DA5-4943-92F7-1355C1854212}.Release|Any CPU.Build.0 = Release|Any CPU
		{4524D4EA-2BFE-46C7-B399-F0A26201A5C1}.Debug|Any CPU.ActiveCfg = Debug|Any CPU
		{4524D4EA-2BFE-46C7-B399-F0A26201A5C1}.Debug|Any CPU.Build.0 = Debug|Any CPU
		{4524D4EA-2BFE-46C7-B399-F0A26201A5C1}.Release|Any CPU.ActiveCfg = Release|Any CPU
		{4524D4EA-2BFE-46C7-B399-F0A26201A5C1}.Release|Any CPU.Build.0 = Release|Any CPU
		{E462DBD6-B27D-441C-A807-87D7C5B1C899}.Debug|Any CPU.ActiveCfg = Debug|Any CPU
		{E462DBD6-B27D-441C-A807-87D7C5B1C899}.Debug|Any CPU.Build.0 = Debug|Any CPU
		{E462DBD6-B27D-441C-A807-87D7C5B1C899}.Release|Any CPU.ActiveCfg = Release|Any CPU
		{E462DBD6-B27D-441C-A807-87D7C5B1C899}.Release|Any CPU.Build.0 = Release|Any CPU
		{505A8285-5490-4A19-843E-8B11BB7ED365}.Debug|Any CPU.ActiveCfg = Debug|Any CPU
		{505A8285-5490-4A19-843E-8B11BB7ED365}.Debug|Any CPU.Build.0 = Debug|Any CPU
		{505A8285-5490-4A19-843E-8B11BB7ED365}.Release|Any CPU.ActiveCfg = Release|Any CPU
		{505A8285-5490-4A19-843E-8B11BB7ED365}.Release|Any CPU.Build.0 = Release|Any CPU
		{1E3BC55D-8836-4098-AEF6-5E340372BD07}.Debug|Any CPU.ActiveCfg = Debug|Any CPU
		{1E3BC55D-8836-4098-AEF6-5E340372BD07}.Debug|Any CPU.Build.0 = Debug|Any CPU
		{1E3BC55D-8836-4098-AEF6-5E340372BD07}.Release|Any CPU.ActiveCfg = Release|Any CPU
		{1E3BC55D-8836-4098-AEF6-5E340372BD07}.Release|Any CPU.Build.0 = Release|Any CPU
		{22E3ABAD-3BFC-42C6-A41F-9D4ABD2AEA20}.Debug|Any CPU.ActiveCfg = Debug|Any CPU
		{22E3ABAD-3BFC-42C6-A41F-9D4ABD2AEA20}.Debug|Any CPU.Build.0 = Debug|Any CPU
		{22E3ABAD-3BFC-42C6-A41F-9D4ABD2AEA20}.Release|Any CPU.ActiveCfg = Release|Any CPU
		{22E3ABAD-3BFC-42C6-A41F-9D4ABD2AEA20}.Release|Any CPU.Build.0 = Release|Any CPU
		{7ADF28E4-2FDE-4B8B-B550-7A265C86973F}.Debug|Any CPU.ActiveCfg = Debug|Any CPU
		{7ADF28E4-2FDE-4B8B-B550-7A265C86973F}.Debug|Any CPU.Build.0 = Debug|Any CPU
		{7ADF28E4-2FDE-4B8B-B550-7A265C86973F}.Release|Any CPU.ActiveCfg = Release|Any CPU
		{7ADF28E4-2FDE-4B8B-B550-7A265C86973F}.Release|Any CPU.Build.0 = Release|Any CPU
	EndGlobalSection
	GlobalSection(SolutionProperties) = preSolution
		HideSolutionNode = FALSE
	EndGlobalSection
	GlobalSection(ExtensibilityGlobals) = postSolution
		SolutionGuid = {ACC2217F-A0D4-41F1-B4C9-B2FFE33A18F9}
	EndGlobalSection
EndGlobal
